
Microsoft Visual Studio Solution File, Format Version 12.00
# Visual Studio Version 17
VisualStudioVersion = 17.4.33205.214
MinimumVisualStudioVersion = 10.0.40219.1
Project("{9A19103F-16F7-4668-BE54-9A1E7A4F7556}") = "Diet_Diary", "Diet_Diary\Diet_Diary.csproj", "{64348AC1-9A34-4082-ADCE-3AF01E8FD616}"
EndProject
Global
	GlobalSection(SolutionConfigurationPlatforms) = preSolution
		Debug|Any CPU = Debug|Any CPU
		Release|Any CPU = Release|Any CPU
	EndGlobalSection
	GlobalSection(ProjectConfigurationPlatforms) = postSolution
		{64348AC1-9A34-4082-ADCE-3AF01E8FD616}.Debug|Any CPU.ActiveCfg = Debug|Any CPU
		{64348AC1-9A34-4082-ADCE-3AF01E8FD616}.Debug|Any CPU.Build.0 = Debug|Any CPU
		{64348AC1-9A34-4082-ADCE-3AF01E8FD616}.Release|Any CPU.ActiveCfg = Release|Any CPU
		{64348AC1-9A34-4082-ADCE-3AF01E8FD616}.Release|Any CPU.Build.0 = Release|Any CPU
	EndGlobalSection
	GlobalSection(SolutionProperties) = preSolution
		HideSolutionNode = FALSE
	EndGlobalSection
	GlobalSection(ExtensibilityGlobals) = postSolution
		SolutionGuid = {585BA05E-A219-4BB6-B74C-79EDDA6F8933}
	EndGlobalSection
EndGlobal
